
Microsoft Visual Studio Solution File, Format Version 12.00
# Visual Studio 15
VisualStudioVersion = 15.0.27703.2000
MinimumVisualStudioVersion = 10.0.40219.1
Project("{2150E333-8FDC-42A3-9474-1A3956D46DE8}") = "1 - Presentation", "1 - Presentation", "{A0551792-CA66-4F8D-98D0-F42D0CDD4A79}"
EndProject
Project("{2150E333-8FDC-42A3-9474-1A3956D46DE8}") = "2 - Services", "2 - Services", "{2695B56E-8389-48D5-BCDF-AD5A991040F6}"
EndProject
Project("{2150E333-8FDC-42A3-9474-1A3956D46DE8}") = "4 - Domain", "4 - Domain", "{5002F0C1-3461-4304-B3A6-728C4781547F}"
EndProject
Project("{2150E333-8FDC-42A3-9474-1A3956D46DE8}") = "5 - Infra", "5 - Infra", "{95EB2D66-0439-475C-91CB-E78942B1FEAA}"
EndProject
Project("{2150E333-8FDC-42A3-9474-1A3956D46DE8}") = "5.1 - Data", "5.1 - Data", "{E54A42EE-5C60-4600-9BFB-F292B5DDD9CC}"
EndProject
Project("{2150E333-8FDC-42A3-9474-1A3956D46DE8}") = "5.2 - CrossCutting", "5.2 - CrossCutting", "{932B2FD4-6021-4FB9-954B-9C33026B5CF3}"
EndProject
Project("{9A19103F-16F7-4668-BE54-9A1E7A4F7556}") = "Templ4te.V1.Domain", "src\Templ4te.V1.Domain\Templ4te.V1.Domain.csproj", "{9C3A451F-A03C-4319-92A7-02EDC94C9BB9}"
EndProject
Project("{9A19103F-16F7-4668-BE54-9A1E7A4F7556}") = "Templ4te.V1.Data", "src\Templ4te.V1.Data\Templ4te.V1.Data.csproj", "{68DF0203-A4AE-4B6E-8C30-EAFBD55CD23A}"
EndProject
Project("{FAE04EC0-301F-11D3-BF4B-00C04F79EFBC}") = "Templ4te.V1.Infra.CrossCutting.Common", "src\Templ4te.V1.Infra.CrossCutting.Common\Templ4te.V1.Infra.CrossCutting.Common.csproj", "{1F3BEF13-3819-4A95-981D-F245B4FBB685}"
EndProject
Project("{FAE04EC0-301F-11D3-BF4B-00C04F79EFBC}") = "Templ4te.V1.Infra.CrossCutting.IoC", "src\Templ4te.V1.Infra.CrossCutting.IoC\Templ4te.V1.Infra.CrossCutting.IoC.csproj", "{1BE7FDC9-883B-478B-BDE2-85A2275BAB6D}"
EndProject
Project("{FAE04EC0-301F-11D3-BF4B-00C04F79EFBC}") = "Templ4te.V1.Services.Api", "src\Templ4te.V1.Services.Api\Templ4te.V1.Services.Api.csproj", "{C73012F4-9788-4210-A8DA-FBAA638D65B1}"
EndProject
Global
	GlobalSection(SolutionConfigurationPlatforms) = preSolution
		Debug|Any CPU = Debug|Any CPU
		Release|Any CPU = Release|Any CPU
	EndGlobalSection
	GlobalSection(ProjectConfigurationPlatforms) = postSolution
		{9C3A451F-A03C-4319-92A7-02EDC94C9BB9}.Debug|Any CPU.ActiveCfg = Debug|Any CPU
		{9C3A451F-A03C-4319-92A7-02EDC94C9BB9}.Debug|Any CPU.Build.0 = Debug|Any CPU
		{9C3A451F-A03C-4319-92A7-02EDC94C9BB9}.Release|Any CPU.ActiveCfg = Release|Any CPU
		{9C3A451F-A03C-4319-92A7-02EDC94C9BB9}.Release|Any CPU.Build.0 = Release|Any CPU
		{68DF0203-A4AE-4B6E-8C30-EAFBD55CD23A}.Debug|Any CPU.ActiveCfg = Debug|Any CPU
		{68DF0203-A4AE-4B6E-8C30-EAFBD55CD23A}.Debug|Any CPU.Build.0 = Debug|Any CPU
		{68DF0203-A4AE-4B6E-8C30-EAFBD55CD23A}.Release|Any CPU.ActiveCfg = Release|Any CPU
		{68DF0203-A4AE-4B6E-8C30-EAFBD55CD23A}.Release|Any CPU.Build.0 = Release|Any CPU
		{1F3BEF13-3819-4A95-981D-F245B4FBB685}.Debug|Any CPU.ActiveCfg = Debug|Any CPU
		{1F3BEF13-3819-4A95-981D-F245B4FBB685}.Debug|Any CPU.Build.0 = Debug|Any CPU
		{1F3BEF13-3819-4A95-981D-F245B4FBB685}.Release|Any CPU.ActiveCfg = Release|Any CPU
		{1F3BEF13-3819-4A95-981D-F245B4FBB685}.Release|Any CPU.Build.0 = Release|Any CPU
		{1BE7FDC9-883B-478B-BDE2-85A2275BAB6D}.Debug|Any CPU.ActiveCfg = Debug|Any CPU
		{1BE7FDC9-883B-478B-BDE2-85A2275BAB6D}.Debug|Any CPU.Build.0 = Debug|Any CPU
		{1BE7FDC9-883B-478B-BDE2-85A2275BAB6D}.Release|Any CPU.ActiveCfg = Release|Any CPU
		{1BE7FDC9-883B-478B-BDE2-85A2275BAB6D}.Release|Any CPU.Build.0 = Release|Any CPU
		{C73012F4-9788-4210-A8DA-FBAA638D65B1}.Debug|Any CPU.ActiveCfg = Debug|Any CPU
		{C73012F4-9788-4210-A8DA-FBAA638D65B1}.Debug|Any CPU.Build.0 = Debug|Any CPU
		{C73012F4-9788-4210-A8DA-FBAA638D65B1}.Release|Any CPU.ActiveCfg = Release|Any CPU
		{C73012F4-9788-4210-A8DA-FBAA638D65B1}.Release|Any CPU.Build.0 = Release|Any CPU
	EndGlobalSection
	GlobalSection(SolutionProperties) = preSolution
		HideSolutionNode = FALSE
	EndGlobalSection
	GlobalSection(NestedProjects) = preSolution
		{E54A42EE-5C60-4600-9BFB-F292B5DDD9CC} = {95EB2D66-0439-475C-91CB-E78942B1FEAA}
		{932B2FD4-6021-4FB9-954B-9C33026B5CF3} = {95EB2D66-0439-475C-91CB-E78942B1FEAA}
		{9C3A451F-A03C-4319-92A7-02EDC94C9BB9} = {5002F0C1-3461-4304-B3A6-728C4781547F}
		{68DF0203-A4AE-4B6E-8C30-EAFBD55CD23A} = {E54A42EE-5C60-4600-9BFB-F292B5DDD9CC}
		{1F3BEF13-3819-4A95-981D-F245B4FBB685} = {932B2FD4-6021-4FB9-954B-9C33026B5CF3}
		{1BE7FDC9-883B-478B-BDE2-85A2275BAB6D} = {932B2FD4-6021-4FB9-954B-9C33026B5CF3}
		{C73012F4-9788-4210-A8DA-FBAA638D65B1} = {2695B56E-8389-48D5-BCDF-AD5A991040F6}
	EndGlobalSection
	GlobalSection(ExtensibilityGlobals) = postSolution
		SolutionGuid = {B8DD18B7-5589-4E82-BACD-644E8FFB94A1}
	EndGlobalSection
EndGlobal
